
Microsoft Visual Studio Solution File, Format Version 12.00
# Visual Studio 15
VisualStudioVersion = 15.0.28307.572
MinimumVisualStudioVersion = 10.0.40219.1
Project("{FAE04EC0-301F-11D3-BF4B-00C04F79EFBC}") = "Server", "Bezbednost48\Server.csproj", "{3DC19B87-7A0F-4A94-9CCE-1564F8A772C2}"
EndProject
Project("{FAE04EC0-301F-11D3-BF4B-00C04F79EFBC}") = "Client", "Client\Client.csproj", "{309E53D9-9540-4FFF-AD32-368361F98577}"
EndProject
Project("{FAE04EC0-301F-11D3-BF4B-00C04F79EFBC}") = "Common", "Common\Common.csproj", "{C0168A40-A04B-4595-90BD-7B83A52C79D9}"
EndProject
Project("{FAE04EC0-301F-11D3-BF4B-00C04F79EFBC}") = "ServerCommon", "ServerCommon\ServerCommon.csproj", "{3AC8912C-DD40-454A-BDC8-882F95215121}"
EndProject
Project("{FAE04EC0-301F-11D3-BF4B-00C04F79EFBC}") = "ClientCommon", "ClientCommon\ClientCommon.csproj", "{5CBCEF8A-AED8-4559-A395-5972CEAFE8AD}"
EndProject
Project("{FAE04EC0-301F-11D3-BF4B-00C04F79EFBC}") = "Manager", "Manager\Manager.csproj", "{D01742EB-5F02-401C-A284-E0139275DEF1}"
EndProject
Global
	GlobalSection(SolutionConfigurationPlatforms) = preSolution
		Debug|Any CPU = Debug|Any CPU
		Release|Any CPU = Release|Any CPU
	EndGlobalSection
	GlobalSection(ProjectConfigurationPlatforms) = postSolution
		{3DC19B87-7A0F-4A94-9CCE-1564F8A772C2}.Debug|Any CPU.ActiveCfg = Debug|Any CPU
		{3DC19B87-7A0F-4A94-9CCE-1564F8A772C2}.Debug|Any CPU.Build.0 = Debug|Any CPU
		{3DC19B87-7A0F-4A94-9CCE-1564F8A772C2}.Release|Any CPU.ActiveCfg = Release|Any CPU
		{3DC19B87-7A0F-4A94-9CCE-1564F8A772C2}.Release|Any CPU.Build.0 = Release|Any CPU
		{309E53D9-9540-4FFF-AD32-368361F98577}.Debug|Any CPU.ActiveCfg = Debug|Any CPU
		{309E53D9-9540-4FFF-AD32-368361F98577}.Debug|Any CPU.Build.0 = Debug|Any CPU
		{309E53D9-9540-4FFF-AD32-368361F98577}.Release|Any CPU.ActiveCfg = Release|Any CPU
		{309E53D9-9540-4FFF-AD32-368361F98577}.Release|Any CPU.Build.0 = Release|Any CPU
		{C0168A40-A04B-4595-90BD-7B83A52C79D9}.Debug|Any CPU.ActiveCfg = Debug|Any CPU
		{C0168A40-A04B-4595-90BD-7B83A52C79D9}.Debug|Any CPU.Build.0 = Debug|Any CPU
		{C0168A40-A04B-4595-90BD-7B83A52C79D9}.Release|Any CPU.ActiveCfg = Release|Any CPU
		{C0168A40-A04B-4595-90BD-7B83A52C79D9}.Release|Any CPU.Build.0 = Release|Any CPU
		{3AC8912C-DD40-454A-BDC8-882F95215121}.Debug|Any CPU.ActiveCfg = Debug|Any CPU
		{3AC8912C-DD40-454A-BDC8-882F95215121}.Debug|Any CPU.Build.0 = Debug|Any CPU
		{3AC8912C-DD40-454A-BDC8-882F95215121}.Release|Any CPU.ActiveCfg = Release|Any CPU
		{3AC8912C-DD40-454A-BDC8-882F95215121}.Release|Any CPU.Build.0 = Release|Any CPU
		{5CBCEF8A-AED8-4559-A395-5972CEAFE8AD}.Debug|Any CPU.ActiveCfg = Debug|Any CPU
		{5CBCEF8A-AED8-4559-A395-5972CEAFE8AD}.Debug|Any CPU.Build.0 = Debug|Any CPU
		{5CBCEF8A-AED8-4559-A395-5972CEAFE8AD}.Release|Any CPU.ActiveCfg = Release|Any CPU
		{5CBCEF8A-AED8-4559-A395-5972CEAFE8AD}.Release|Any CPU.Build.0 = Release|Any CPU
		{D01742EB-5F02-401C-A284-E0139275DEF1}.Debug|Any CPU.ActiveCfg = Debug|Any CPU
		{D01742EB-5F02-401C-A284-E0139275DEF1}.Debug|Any CPU.Build.0 = Debug|Any CPU
		{D01742EB-5F02-401C-A284-E0139275DEF1}.Release|Any CPU.ActiveCfg = Release|Any CPU
		{D01742EB-5F02-401C-A284-E0139275DEF1}.Release|Any CPU.Build.0 = Release|Any CPU
	EndGlobalSection
	GlobalSection(SolutionProperties) = preSolution
		HideSolutionNode = FALSE
	EndGlobalSection
	GlobalSection(ExtensibilityGlobals) = postSolution
		SolutionGuid = {8CAA3938-61B7-4355-849D-B10763AE9C0D}
	EndGlobalSection
EndGlobal
